
Microsoft Visual Studio Solution File, Format Version 12.00
# Visual Studio Version 17
VisualStudioVersion = 17.3.32819.101
MinimumVisualStudioVersion = 10.0.40219.1
Project("{9A19103F-16F7-4668-BE54-9A1E7A4F7556}") = "Kosov_Practice1", "Kosov_Practice1\Kosov_Practice1.csproj", "{33856320-529D-415D-BA9F-1FA4C55373F9}"
EndProject
Project("{9A19103F-16F7-4668-BE54-9A1E7A4F7556}") = "Calculating", "Lib_4\Calculating.csproj", "{37FCC97F-79D6-48F2-BCCF-EECC59AF1C6A}"
EndProject
Global
	GlobalSection(SolutionConfigurationPlatforms) = preSolution
		Debug|Any CPU = Debug|Any CPU
		Release|Any CPU = Release|Any CPU
	EndGlobalSection
	GlobalSection(ProjectConfigurationPlatforms) = postSolution
		{33856320-529D-415D-BA9F-1FA4C55373F9}.Debug|Any CPU.ActiveCfg = Debug|Any CPU
		{33856320-529D-415D-BA9F-1FA4C55373F9}.Debug|Any CPU.Build.0 = Debug|Any CPU
		{33856320-529D-415D-BA9F-1FA4C55373F9}.Release|Any CPU.ActiveCfg = Release|Any CPU
		{33856320-529D-415D-BA9F-1FA4C55373F9}.Release|Any CPU.Build.0 = Release|Any CPU
		{37FCC97F-79D6-48F2-BCCF-EECC59AF1C6A}.Debug|Any CPU.ActiveCfg = Debug|Any CPU
		{37FCC97F-79D6-48F2-BCCF-EECC59AF1C6A}.Debug|Any CPU.Build.0 = Debug|Any CPU
		{37FCC97F-79D6-48F2-BCCF-EECC59AF1C6A}.Release|Any CPU.ActiveCfg = Release|Any CPU
		{37FCC97F-79D6-48F2-BCCF-EECC59AF1C6A}.Release|Any CPU.Build.0 = Release|Any CPU
	EndGlobalSection
	GlobalSection(SolutionProperties) = preSolution
		HideSolutionNode = FALSE
	EndGlobalSection
	GlobalSection(ExtensibilityGlobals) = postSolution
		SolutionGuid = {066DEF3C-8D40-432D-BF6A-E787587E35C4}
	EndGlobalSection
EndGlobal
